
Microsoft Visual Studio Solution File, Format Version 12.00
# Visual Studio Version 17
VisualStudioVersion = 17.3.32929.385
MinimumVisualStudioVersion = 10.0.40219.1
Project("{FAE04EC0-301F-11D3-BF4B-00C04F79EFBC}") = "MyCompany", "MyCompany\MyCompany.csproj", "{52B8BEC9-C543-45C7-93DE-034DECAA7690}"
EndProject
Global
	GlobalSection(SolutionConfigurationPlatforms) = preSolution
		Debug|Any CPU = Debug|Any CPU
		Release|Any CPU = Release|Any CPU
	EndGlobalSection
	GlobalSection(ProjectConfigurationPlatforms) = postSolution
		{52B8BEC9-C543-45C7-93DE-034DECAA7690}.Debug|Any CPU.ActiveCfg = Debug|Any CPU
		{52B8BEC9-C543-45C7-93DE-034DECAA7690}.Debug|Any CPU.Build.0 = Debug|Any CPU
		{52B8BEC9-C543-45C7-93DE-034DECAA7690}.Release|Any CPU.ActiveCfg = Release|Any CPU
		{52B8BEC9-C543-45C7-93DE-034DECAA7690}.Release|Any CPU.Build.0 = Release|Any CPU
	EndGlobalSection
	GlobalSection(SolutionProperties) = preSolution
		HideSolutionNode = FALSE
	EndGlobalSection
	GlobalSection(ExtensibilityGlobals) = postSolution
		SolutionGuid = {55AA519E-1E5F-4655-AB4B-65AA7F640EA4}
	EndGlobalSection
EndGlobal
